
Microsoft Visual Studio Solution File, Format Version 12.00
# Visual Studio Version 17
VisualStudioVersion = 17.8.34601.278
MinimumVisualStudioVersion = 10.0.40219.1
Project("{FAE04EC0-301F-11D3-BF4B-00C04F79EFBC}") = "AbstractFactory", "DesignPatterns\AbstractFactory.csproj", "{41CDFE25-20D1-411A-84EC-C081CCD7A5C5}"
EndProject
Project("{FAE04EC0-301F-11D3-BF4B-00C04F79EFBC}") = "SingletonPattern", "Singleton\SingletonPattern.csproj", "{FF4DFC48-29FC-4C73-98B0-7C29D59A5BD0}"
EndProject
Global
	GlobalSection(SolutionConfigurationPlatforms) = preSolution
		Debug|Any CPU = Debug|Any CPU
		Release|Any CPU = Release|Any CPU
	EndGlobalSection
	GlobalSection(ProjectConfigurationPlatforms) = postSolution
		{41CDFE25-20D1-411A-84EC-C081CCD7A5C5}.Debug|Any CPU.ActiveCfg = Debug|Any CPU
		{41CDFE25-20D1-411A-84EC-C081CCD7A5C5}.Debug|Any CPU.Build.0 = Debug|Any CPU
		{41CDFE25-20D1-411A-84EC-C081CCD7A5C5}.Release|Any CPU.ActiveCfg = Release|Any CPU
		{41CDFE25-20D1-411A-84EC-C081CCD7A5C5}.Release|Any CPU.Build.0 = Release|Any CPU
		{FF4DFC48-29FC-4C73-98B0-7C29D59A5BD0}.Debug|Any CPU.ActiveCfg = Debug|Any CPU
		{FF4DFC48-29FC-4C73-98B0-7C29D59A5BD0}.Debug|Any CPU.Build.0 = Debug|Any CPU
		{FF4DFC48-29FC-4C73-98B0-7C29D59A5BD0}.Release|Any CPU.ActiveCfg = Release|Any CPU
		{FF4DFC48-29FC-4C73-98B0-7C29D59A5BD0}.Release|Any CPU.Build.0 = Release|Any CPU
	EndGlobalSection
	GlobalSection(SolutionProperties) = preSolution
		HideSolutionNode = FALSE
	EndGlobalSection
	GlobalSection(ExtensibilityGlobals) = postSolution
		SolutionGuid = {285B64C9-E989-4864-814D-136A98FBD75B}
	EndGlobalSection
EndGlobal
