
Microsoft Visual Studio Solution File, Format Version 12.00
# Visual Studio Version 17
VisualStudioVersion = 17.8.34601.278
MinimumVisualStudioVersion = 10.0.40219.1
Project("{9A19103F-16F7-4668-BE54-9A1E7A4F7556}") = "SingletonPattern", "Singleton\SingletonPattern.csproj", "{FF4DFC48-29FC-4C73-98B0-7C29D59A5BD0}"
EndProject
Project("{9A19103F-16F7-4668-BE54-9A1E7A4F7556}") = "AbstractFactory", "AbstractFactory\AbstractFactory.csproj", "{31BD24B4-9405-44C3-BC84-90B3272B8FAB}"
EndProject
Global
	GlobalSection(SolutionConfigurationPlatforms) = preSolution
		Debug|Any CPU = Debug|Any CPU
		Release|Any CPU = Release|Any CPU
	EndGlobalSection
	GlobalSection(ProjectConfigurationPlatforms) = postSolution
		{FF4DFC48-29FC-4C73-98B0-7C29D59A5BD0}.Debug|Any CPU.ActiveCfg = Debug|Any CPU
		{FF4DFC48-29FC-4C73-98B0-7C29D59A5BD0}.Debug|Any CPU.Build.0 = Debug|Any CPU
		{FF4DFC48-29FC-4C73-98B0-7C29D59A5BD0}.Release|Any CPU.ActiveCfg = Release|Any CPU
		{FF4DFC48-29FC-4C73-98B0-7C29D59A5BD0}.Release|Any CPU.Build.0 = Release|Any CPU
		{31BD24B4-9405-44C3-BC84-90B3272B8FAB}.Debug|Any CPU.ActiveCfg = Debug|Any CPU
		{31BD24B4-9405-44C3-BC84-90B3272B8FAB}.Debug|Any CPU.Build.0 = Debug|Any CPU
		{31BD24B4-9405-44C3-BC84-90B3272B8FAB}.Release|Any CPU.ActiveCfg = Release|Any CPU
		{31BD24B4-9405-44C3-BC84-90B3272B8FAB}.Release|Any CPU.Build.0 = Release|Any CPU
	EndGlobalSection
	GlobalSection(SolutionProperties) = preSolution
		HideSolutionNode = FALSE
	EndGlobalSection
	GlobalSection(ExtensibilityGlobals) = postSolution
		SolutionGuid = {285B64C9-E989-4864-814D-136A98FBD75B}
	EndGlobalSection
EndGlobal
